// !$*UTF8*$!
{
	archiveVersion = 1;
	classes = {
	};
	objectVersion = 46;
	objects = {

/* Begin PBXBuildFile section */
		65F245EC1DA8B7D100A3BE31 /* main.m in Sources */ = {isa = PBXBuildFile; fileRef = 65F245EB1DA8B7D100A3BE31 /* main.m */; };
		65F245EF1DA8B7D100A3BE31 /* AppDelegate.m in Sources */ = {isa = PBXBuildFile; fileRef = 65F245EE1DA8B7D100A3BE31 /* AppDelegate.m */; };
		65F245F21DA8B7D100A3BE31 /* ViewController.m in Sources */ = {isa = PBXBuildFile; fileRef = 65F245F11DA8B7D100A3BE31 /* ViewController.m */; };
		65F245F51DA8B7D100A3BE31 /* Main.storyboard in Resources */ = {isa = PBXBuildFile; fileRef = 65F245F31DA8B7D100A3BE31 /* Main.storyboard */; };
		65F245F81DA8B7D100A3BE31 /* wywl.xcdatamodeld in Sources */ = {isa = PBXBuildFile; fileRef = 65F245F61DA8B7D100A3BE31 /* wywl.xcdatamodeld */; };
		65F245FA1DA8B7D100A3BE31 /* Assets.xcassets in Resources */ = {isa = PBXBuildFile; fileRef = 65F245F91DA8B7D100A3BE31 /* Assets.xcassets */; };
		65F245FD1DA8B7D100A3BE31 /* LaunchScreen.storyboard in Resources */ = {isa = PBXBuildFile; fileRef = 65F245FB1DA8B7D100A3BE31 /* LaunchScreen.storyboard */; };
		65F246081DA8B7D100A3BE31 /* wywlTests.m in Sources */ = {isa = PBXBuildFile; fileRef = 65F246071DA8B7D100A3BE31 /* wywlTests.m */; };
		65F246131DA8B7D100A3BE31 /* wywlUITests.m in Sources */ = {isa = PBXBuildFile; fileRef = 65F246121DA8B7D100A3BE31 /* wywlUITests.m */; };
/* End PBXBuildFile section */

/* Begin PBXContainerItemProxy section */
		65F246041DA8B7D100A3BE31 /* PBXContainerItemProxy */ = {
			isa = PBXContainerItemProxy;
			containerPortal = 65F245DF1DA8B7D100A3BE31 /* Project object */;
			proxyType = 1;
			remoteGlobalIDString = 65F245E61DA8B7D100A3BE31;
			remoteInfo = wywl;
		};
		65F2460F1DA8B7D100A3BE31 /* PBXContainerItemProxy */ = {
			isa = PBXContainerItemProxy;
			containerPortal = 65F245DF1DA8B7D100A3BE31 /* Project object */;
			proxyType = 1;
			remoteGlobalIDString = 65F245E61DA8B7D100A3BE31;
			remoteInfo = wywl;
		};
/* End PBXContainerItemProxy section */

/* Begin PBXFileReference section */
		65F245E71DA8B7D100A3BE31 /* wywl.app */ = {isa = PBXFileReference; explicitFileType = wrapper.application; includeInIndex = 0; path = wywl.app; sourceTree = BUILT_PRODUCTS_DIR; };
		65F245EB1DA8B7D100A3BE31 /* main.m */ = {isa = PBXFileReference; lastKnownFileType = sourcecode.c.objc; path = main.m; sourceTree = "<group>"; };
		65F245ED1DA8B7D100A3BE31 /* AppDelegate.h */ = {isa = PBXFileReference; lastKnownFileType = sourcecode.c.h; path = AppDelegate.h; sourceTree = "<group>"; };
		65F245EE1DA8B7D100A3BE31 /* AppDelegate.m */ = {isa = PBXFileReference; lastKnownFileType = sourcecode.c.objc; path = AppDelegate.m; sourceTree = "<group>"; };
		65F245F01DA8B7D100A3BE31 /* ViewController.h */ = {isa = PBXFileReference; lastKnownFileType = sourcecode.c.h; path = ViewController.h; sourceTree = "<group>"; };
		65F245F11DA8B7D100A3BE31 /* ViewController.m */ = {isa = PBXFileReference; lastKnownFileType = sourcecode.c.objc; path = ViewController.m; sourceTree = "<group>"; };
		65F245F41DA8B7D100A3BE31 /* Base */ = {isa = PBXFileReference; lastKnownFileType = file.storyboard; name = Base; path = Base.lproj/Main.storyboard; sourceTree = "<group>"; };
		65F245F71DA8B7D100A3BE31 /* wywl.xcdatamodel */ = {isa = PBXFileReference; lastKnownFileType = wrapper.xcdatamodel; path = wywl.xcdatamodel; sourceTree = "<group>"; };
		65F245F91DA8B7D100A3BE31 /* Assets.xcassets */ = {isa = PBXFileReference; lastKnownFileType = folder.assetcatalog; path = Assets.xcassets; sourceTree = "<group>"; };
		65F245FC1DA8B7D100A3BE31 /* Base */ = {isa = PBXFileReference; lastKnownFileType = file.storyboard; name = Base; path = Base.lproj/LaunchScreen.storyboard; sourceTree = "<group>"; };
		65F245FE1DA8B7D100A3BE31 /* Info.plist */ = {isa = PBXFileReference; lastKnownFileType = text.plist.xml; path = Info.plist; sourceTree = "<group>"; };
		65F246031DA8B7D100A3BE31 /* wywlTests.xctest */ = {isa = PBXFileReference; explicitFileType = wrapper.cfbundle; includeInIndex = 0; path = wywlTests.xctest; sourceTree = BUILT_PRODUCTS_DIR; };
		65F246071DA8B7D100A3BE31 /* wywlTests.m */ = {isa = PBXFileReference; lastKnownFileType = sourcecode.c.objc; path = wywlTests.m; sourceTree = "<group>"; };
		65F246091DA8B7D100A3BE31 /* Info.plist */ = {isa = PBXFileReference; lastKnownFileType = text.plist.xml; path = Info.plist; sourceTree = "<group>"; };
		65F2460E1DA8B7D100A3BE31 /* wywlUITests.xctest */ = {isa = PBXFileReference; explicitFileType = wrapper.cfbundle; includeInIndex = 0; path = wywlUITests.xctest; sourceTree = BUILT_PRODUCTS_DIR; };
		65F246121DA8B7D100A3BE31 /* wywlUITests.m */ = {isa = PBXFileReference; lastKnownFileType = sourcecode.c.objc; path = wywlUITests.m; sourceTree = "<group>"; };
		65F246141DA8B7D100A3BE31 /* Info.plist */ = {isa = PBXFileReference; lastKnownFileType = text.plist.xml; path = Info.plist; sourceTree = "<group>"; };
/* End PBXFileReference section */

/* Begin PBXFrameworksBuildPhase section */
		65F245E41DA8B7D100A3BE31 /* Frameworks */ = {
			isa = PBXFrameworksBuildPhase;
			buildActionMask = 2147483647;
			files = (
			);
			runOnlyForDeploymentPostprocessing = 0;
		};
		65F246001DA8B7D100A3BE31 /* Frameworks */ = {
			isa = PBXFrameworksBuildPhase;
			buildActionMask = 2147483647;
			files = (
			);
			runOnlyForDeploymentPostprocessing = 0;
		};
		65F2460B1DA8B7D100A3BE31 /* Frameworks */ = {
			isa = PBXFrameworksBuildPhase;
			buildActionMask = 2147483647;
			files = (
			);
			runOnlyForDeploymentPostprocessing = 0;
		};
/* End PBXFrameworksBuildPhase section */

/* Begin PBXGroup section */
		65F245DE1DA8B7D100A3BE31 = {
			isa = PBXGroup;
			children = (
				65F245E91DA8B7D100A3BE31 /* wywl */,
				65F246061DA8B7D100A3BE31 /* wywlTests */,
				65F246111DA8B7D100A3BE31 /* wywlUITests */,
				65F245E81DA8B7D100A3BE31 /* Products */,
			);
			sourceTree = "<group>";
		};
		65F245E81DA8B7D100A3BE31 /* Products */ = {
			isa = PBXGroup;
			children = (
				65F245E71DA8B7D100A3BE31 /* wywl.app */,
				65F246031DA8B7D100A3BE31 /* wywlTests.xctest */,
				65F2460E1DA8B7D100A3BE31 /* wywlUITests.xctest */,
			);
			name = Products;
			sourceTree = "<group>";
		};
		65F245E91DA8B7D100A3BE31 /* wywl */ = {
			isa = PBXGroup;
			children = (
				65F245ED1DA8B7D100A3BE31 /* AppDelegate.h */,
				65F245EE1DA8B7D100A3BE31 /* AppDelegate.m */,
				65F245F01DA8B7D100A3BE31 /* ViewController.h */,
				65F245F11DA8B7D100A3BE31 /* ViewController.m */,
				65F245F31DA8B7D100A3BE31 /* Main.storyboard */,
				65F245F91DA8B7D100A3BE31 /* Assets.xcassets */,
				65F245FB1DA8B7D100A3BE31 /* LaunchScreen.storyboard */,
				65F245FE1DA8B7D100A3BE31 /* Info.plist */,
				65F245F61DA8B7D100A3BE31 /* wywl.xcdatamodeld */,
				65F245EA1DA8B7D100A3BE31 /* Supporting Files */,
			);
			path = wywl;
			sourceTree = "<group>";
		};
		65F245EA1DA8B7D100A3BE31 /* Supporting Files */ = {
			isa = PBXGroup;
			children = (
				65F245EB1DA8B7D100A3BE31 /* main.m */,
			);
			name = "Supporting Files";
			sourceTree = "<group>";
		};
		65F246061DA8B7D100A3BE31 /* wywlTests */ = {
			isa = PBXGroup;
			children = (
				65F246071DA8B7D100A3BE31 /* wywlTests.m */,
				65F246091DA8B7D100A3BE31 /* Info.plist */,
			);
			path = wywlTests;
			sourceTree = "<group>";
		};
		65F246111DA8B7D100A3BE31 /* wywlUITests */ = {
			isa = PBXGroup;
			children = (
				65F246121DA8B7D100A3BE31 /* wywlUITests.m */,
				65F246141DA8B7D100A3BE31 /* Info.plist */,
			);
			path = wywlUITests;
			sourceTree = "<group>";
		};
/* End PBXGroup section */

/* Begin PBXNativeTarget section */
		65F245E61DA8B7D100A3BE31 /* wywl */ = {
			isa = PBXNativeTarget;
			buildConfigurationList = 65F246171DA8B7D100A3BE31 /* Build configuration list for PBXNativeTarget "wywl" */;
			buildPhases = (
				65F245E31DA8B7D100A3BE31 /* Sources */,
				65F245E41DA8B7D100A3BE31 /* Frameworks */,
				65F245E51DA8B7D100A3BE31 /* Resources */,
			);
			buildRules = (
			);
			dependencies = (
			);
			name = wywl;
			productName = wywl;
			productReference = 65F245E71DA8B7D100A3BE31 /* wywl.app */;
			productType = "com.apple.product-type.application";
		};
		65F246021DA8B7D100A3BE31 /* wywlTests */ = {
			isa = PBXNativeTarget;
			buildConfigurationList = 65F2461A1DA8B7D100A3BE31 /* Build configuration list for PBXNativeTarget "wywlTests" */;
			buildPhases = (
				65F245FF1DA8B7D100A3BE31 /* Sources */,
				65F246001DA8B7D100A3BE31 /* Frameworks */,
				65F246011DA8B7D100A3BE31 /* Resources */,
			);
			buildRules = (
			);
			dependencies = (
				65F246051DA8B7D100A3BE31 /* PBXTargetDependency */,
			);
			name = wywlTests;
			productName = wywlTests;
			productReference = 65F246031DA8B7D100A3BE31 /* wywlTests.xctest */;
			productType = "com.apple.product-type.bundle.unit-test";
		};
		65F2460D1DA8B7D100A3BE31 /* wywlUITests */ = {
			isa = PBXNativeTarget;
			buildConfigurationList = 65F2461D1DA8B7D100A3BE31 /* Build configuration list for PBXNativeTarget "wywlUITests" */;
			buildPhases = (
				65F2460A1DA8B7D100A3BE31 /* Sources */,
				65F2460B1DA8B7D100A3BE31 /* Frameworks */,
				65F2460C1DA8B7D100A3BE31 /* Resources */,
			);
			buildRules = (
			);
			dependencies = (
				65F246101DA8B7D100A3BE31 /* PBXTargetDependency */,
			);
			name = wywlUITests;
			productName = wywlUITests;
			productReference = 65F2460E1DA8B7D100A3BE31 /* wywlUITests.xctest */;
			productType = "com.apple.product-type.bundle.ui-testing";
		};
/* End PBXNativeTarget section */

/* Begin PBXProject section */
		65F245DF1DA8B7D100A3BE31 /* Project object */ = {
			isa = PBXProject;
			attributes = {
				LastUpgradeCheck = 0730;
				ORGANIZATIONNAME = ys;
				TargetAttributes = {
					65F245E61DA8B7D100A3BE31 = {
						CreatedOnToolsVersion = 7.3.1;
					};
					65F246021DA8B7D100A3BE31 = {
						CreatedOnToolsVersion = 7.3.1;
						TestTargetID = 65F245E61DA8B7D100A3BE31;
					};
					65F2460D1DA8B7D100A3BE31 = {
						CreatedOnToolsVersion = 7.3.1;
						TestTargetID = 65F245E61DA8B7D100A3BE31;
					};
				};
			};
			buildConfigurationList = 65F245E21DA8B7D100A3BE31 /* Build configuration list for PBXProject "wywl" */;
			compatibilityVersion = "Xcode 3.2";
			developmentRegion = English;
			hasScannedForEncodings = 0;
			knownRegions = (
				en,
				Base,
			);
			mainGroup = 65F245DE1DA8B7D100A3BE31;
			productRefGroup = 65F245E81DA8B7D100A3BE31 /* Products */;
			projectDirPath = "";
			projectRoot = "";
			targets = (
				65F245E61DA8B7D100A3BE31 /* wywl */,
				65F246021DA8B7D100A3BE31 /* wywlTests */,
				65F2460D1DA8B7D100A3BE31 /* wywlUITests */,
			);
		};
/* End PBXProject section */

/* Begin PBXResourcesBuildPhase section */
		65F245E51DA8B7D100A3BE31 /* Resources */ = {
			isa = PBXResourcesBuildPhase;
			buildActionMask = 2147483647;
			files = (
				65F245FD1DA8B7D100A3BE31 /* LaunchScreen.storyboard in Resources */,
				65F245FA1DA8B7D100A3BE31 /* Assets.xcassets in Resources */,
				65F245F51DA8B7D100A3BE31 /* Main.storyboard in Resources */,
			);
			runOnlyForDeploymentPostprocessing = 0;
		};
		65F246011DA8B7D100A3BE31 /* Resources */ = {
			isa = PBXResourcesBuildPhase;
			buildActionMask = 2147483647;
			files = (
			);
			runOnlyForDeploymentPostprocessing = 0;
		};
		65F2460C1DA8B7D100A3BE31 /* Resources */ = {
			isa = PBXResourcesBuildPhase;
			buildActionMask = 2147483647;
			files = (
			);
			runOnlyForDeploymentPostprocessing = 0;
		};
/* End PBXResourcesBuildPhase section */

/* Begin PBXSourcesBuildPhase section */
		65F245E31DA8B7D100A3BE31 /* Sources */ = {
			isa = PBXSourcesBuildPhase;
			buildActionMask = 2147483647;
			files = (
				65F245F81DA8B7D100A3BE31 /* wywl.xcdatamodeld in Sources */,
				65F245F21DA8B7D100A3BE31 /* ViewController.m in Sources */,
				65F245EF1DA8B7D100A3BE31 /* AppDelegate.m in Sources */,
				65F245EC1DA8B7D100A3BE31 /* main.m in Sources */,
			);
			runOnlyForDeploymentPostprocessing = 0;
		};
		65F245FF1DA8B7D100A3BE31 /* Sources */ = {
			isa = PBXSourcesBuildPhase;
			buildActionMask = 2147483647;
			files = (
				65F246081DA8B7D100A3BE31 /* wywlTests.m in Sources */,
			);
			runOnlyForDeploymentPostprocessing = 0;
		};
		65F2460A1DA8B7D100A3BE31 /* Sources */ = {
			isa = PBXSourcesBuildPhase;
			buildActionMask = 2147483647;
			files = (
				65F246131DA8B7D100A3BE31 /* wywlUITests.m in Sources */,
			);
			runOnlyForDeploymentPostprocessing = 0;
		};
/* End PBXSourcesBuildPhase section */

/* Begin PBXTargetDependency section */
		65F246051DA8B7D100A3BE31 /* PBXTargetDependency */ = {
			isa = PBXTargetDependency;
			target = 65F245E61DA8B7D100A3BE31 /* wywl */;
			targetProxy = 65F246041DA8B7D100A3BE31 /* PBXContainerItemProxy */;
		};
		65F246101DA8B7D100A3BE31 /* PBXTargetDependency */ = {
			isa = PBXTargetDependency;
			target = 65F245E61DA8B7D100A3BE31 /* wywl */;
			targetProxy = 65F2460F1DA8B7D100A3BE31 /* PBXContainerItemProxy */;
		};
/* End PBXTargetDependency section */

/* Begin PBXVariantGroup section */
		65F245F31DA8B7D100A3BE31 /* Main.storyboard */ = {
			isa = PBXVariantGroup;
			children = (
				65F245F41DA8B7D100A3BE31 /* Base */,
			);
			name = Main.storyboard;
			sourceTree = "<group>";
		};
		65F245FB1DA8B7D100A3BE31 /* LaunchScreen.storyboard */ = {
			isa = PBXVariantGroup;
			children = (
				65F245FC1DA8B7D100A3BE31 /* Base */,
			);
			name = LaunchScreen.storyboard;
			sourceTree = "<group>";
		};
/* End PBXVariantGroup section */

/* Begin XCBuildConfiguration section */
		65F246151DA8B7D100A3BE31 /* Debug */ = {
			isa = XCBuildConfiguration;
			buildSettings = {
				ALWAYS_SEARCH_USER_PATHS = NO;
				CLANG_ANALYZER_NONNULL = YES;
				CLANG_CXX_LANGUAGE_STANDARD = "gnu++0x";
				CLANG_CXX_LIBRARY = "libc++";
				CLANG_ENABLE_MODULES = YES;
				CLANG_ENABLE_OBJC_ARC = YES;
				CLANG_WARN_BOOL_CONVERSION = YES;
				CLANG_WARN_CONSTANT_CONVERSION = YES;
				CLANG_WARN_DIRECT_OBJC_ISA_USAGE = YES_ERROR;
				CLANG_WARN_EMPTY_BODY = YES;
				CLANG_WARN_ENUM_CONVERSION = YES;
				CLANG_WARN_INT_CONVERSION = YES;
				CLANG_WARN_OBJC_ROOT_CLASS = YES_ERROR;
				CLANG_WARN_UNREACHABLE_CODE = YES;
				CLANG_WARN__DUPLICATE_METHOD_MATCH = YES;
				"CODE_SIGN_IDENTITY[sdk=iphoneos*]" = "iPhone Developer";
				COPY_PHASE_STRIP = NO;
				DEBUG_INFORMATION_FORMAT = dwarf;
				ENABLE_STRICT_OBJC_MSGSEND = YES;
				ENABLE_TESTABILITY = YES;
				GCC_C_LANGUAGE_STANDARD = gnu99;
				GCC_DYNAMIC_NO_PIC = NO;
				GCC_NO_COMMON_BLOCKS = YES;
				GCC_OPTIMIZATION_LEVEL = 0;
				GCC_PREPROCESSOR_DEFINITIONS = (
					"DEBUG=1",
					"$(inherited)",
				);
				GCC_WARN_64_TO_32_BIT_CONVERSION = YES;
				GCC_WARN_ABOUT_RETURN_TYPE = YES_ERROR;
				GCC_WARN_UNDECLARED_SELECTOR = YES;
				GCC_WARN_UNINITIALIZED_AUTOS = YES_AGGRESSIVE;
				GCC_WARN_UNUSED_FUNCTION = YES;
				GCC_WARN_UNUSED_VARIABLE = YES;
				IPHONEOS_DEPLOYMENT_TARGET = 9.3;
				MTL_ENABLE_DEBUG_INFO = YES;
				ONLY_ACTIVE_ARCH = YES;
				SDKROOT = iphoneos;
			};
			name = Debug;
		};
		65F246161DA8B7D100A3BE31 /* Release */ = {
			isa = XCBuildConfiguration;
			buildSettings = {
				ALWAYS_SEARCH_USER_PATHS = NO;
				CLANG_ANALYZER_NONNULL = YES;
				CLANG_CXX_LANGUAGE_STANDARD = "gnu++0x";
				CLANG_CXX_LIBRARY = "libc++";
				CLANG_ENABLE_MODULES = YES;
				CLANG_ENABLE_OBJC_ARC = YES;
				CLANG_WARN_BOOL_CONVERSION = YES;
				CLANG_WARN_CONSTANT_CONVERSION = YES;
				CLANG_WARN_DIRECT_OBJC_ISA_USAGE = YES_ERROR;
				CLANG_WARN_EMPTY_BODY = YES;
				CLANG_WARN_ENUM_CONVERSION = YES;
				CLANG_WARN_INT_CONVERSION = YES;
				CLANG_WARN_OBJC_ROOT_CLASS = YES_ERROR;
				CLANG_WARN_UNREACHABLE_CODE = YES;
				CLANG_WARN__DUPLICATE_METHOD_MATCH = YES;
				"CODE_SIGN_IDENTITY[sdk=iphoneos*]" = "iPhone Developer";
				COPY_PHASE_STRIP = NO;
				DEBUG_INFORMATION_FORMAT = "dwarf-with-dsym";
				ENABLE_NS_ASSERTIONS = NO;
				ENABLE_STRICT_OBJC_MSGSEND = YES;
				GCC_C_LANGUAGE_STANDARD = gnu99;
				GCC_NO_COMMON_BLOCKS = YES;
				GCC_WARN_64_TO_32_BIT_CONVERSION = YES;
				GCC_WARN_ABOUT_RETURN_TYPE = YES_ERROR;
				GCC_WARN_UNDECLARED_SELECTOR = YES;
				GCC_WARN_UNINITIALIZED_AUTOS = YES_AGGRESSIVE;
				GCC_WARN_UNUSED_FUNCTION = YES;
				GCC_WARN_UNUSED_VARIABLE = YES;
				IPHONEOS_DEPLOYMENT_TARGET = 9.3;
				MTL_ENABLE_DEBUG_INFO = NO;
				SDKROOT = iphoneos;
				VALIDATE_PRODUCT = YES;
			};
			name = Release;
		};
		65F246181DA8B7D100A3BE31 /* Debug */ = {
			isa = XCBuildConfiguration;
			buildSettings = {
				ASSETCATALOG_COMPILER_APPICON_NAME = AppIcon;
				INFOPLIST_FILE = wywl/Info.plist;
				LD_RUNPATH_SEARCH_PATHS = "$(inherited) @executable_path/Frameworks";
				PRODUCT_BUNDLE_IDENTIFIER = "com.ys.-wywl.wywl";
				PRODUCT_NAME = "$(TARGET_NAME)";
			};
			name = Debug;
		};
		65F246191DA8B7D100A3BE31 /* Release */ = {
			isa = XCBuildConfiguration;
			buildSettings = {
				ASSETCATALOG_COMPILER_APPICON_NAME = AppIcon;
				INFOPLIST_FILE = wywl/Info.plist;
				LD_RUNPATH_SEARCH_PATHS = "$(inherited) @executable_path/Frameworks";
				PRODUCT_BUNDLE_IDENTIFIER = "com.ys.-wywl.wywl";
				PRODUCT_NAME = "$(TARGET_NAME)";
			};
			name = Release;
		};
		65F2461B1DA8B7D100A3BE31 /* Debug */ = {
			isa = XCBuildConfiguration;
			buildSettings = {
				BUNDLE_LOADER = "$(TEST_HOST)";
				INFOPLIST_FILE = wywlTests/Info.plist;
				LD_RUNPATH_SEARCH_PATHS = "$(inherited) @executable_path/Frameworks @loader_path/Frameworks";
				PRODUCT_BUNDLE_IDENTIFIER = "com.ys.-wywl.wywlTests";
				PRODUCT_NAME = "$(TARGET_NAME)";
				TEST_HOST = "$(BUILT_PRODUCTS_DIR)/wywl.app/wywl";
			};
			name = Debug;
		};
		65F2461C1DA8B7D100A3BE31 /* Release */ = {
			isa = XCBuildConfiguration;
			buildSettings = {
				BUNDLE_LOADER = "$(TEST_HOST)";
				INFOPLIST_FILE = wywlTests/Info.plist;
				LD_RUNPATH_SEARCH_PATHS = "$(inherited) @executable_path/Frameworks @loader_path/Frameworks";
				PRODUCT_BUNDLE_IDENTIFIER = "com.ys.-wywl.wywlTests";
				PRODUCT_NAME = "$(TARGET_NAME)";
				TEST_HOST = "$(BUILT_PRODUCTS_DIR)/wywl.app/wywl";
			};
			name = Release;
		};
		65F2461E1DA8B7D100A3BE31 /* Debug */ = {
			isa = XCBuildConfiguration;
			buildSettings = {
				INFOPLIST_FILE = wywlUITests/Info.plist;
				LD_RUNPATH_SEARCH_PATHS = "$(inherited) @executable_path/Frameworks @loader_path/Frameworks";
				PRODUCT_BUNDLE_IDENTIFIER = "com.ys.-wywl.wywlUITests";
				PRODUCT_NAME = "$(TARGET_NAME)";
				TEST_TARGET_NAME = wywl;
			};
			name = Debug;
		};
		65F2461F1DA8B7D100A3BE31 /* Release */ = {
			isa = XCBuildConfiguration;
			buildSettings = {
				INFOPLIST_FILE = wywlUITests/Info.plist;
				LD_RUNPATH_SEARCH_PATHS = "$(inherited) @executable_path/Frameworks @loader_path/Frameworks";
				PRODUCT_BUNDLE_IDENTIFIER = "com.ys.-wywl.wywlUITests";
				PRODUCT_NAME = "$(TARGET_NAME)";
				TEST_TARGET_NAME = wywl;
			};
			name = Release;
		};
/* End XCBuildConfiguration section */

/* Begin XCConfigurationList section */
		65F245E21DA8B7D100A3BE31 /* Build configuration list for PBXProject "wywl" */ = {
			isa = XCConfigurationList;
			buildConfigurations = (
				65F246151DA8B7D100A3BE31 /* Debug */,
				65F246161DA8B7D100A3BE31 /* Release */,
			);
			defaultConfigurationIsVisible = 0;
			defaultConfigurationName = Release;
		};
		65F246171DA8B7D100A3BE31 /* Build configuration list for PBXNativeTarget "wywl" */ = {
			isa = XCConfigurationList;
			buildConfigurations = (
				65F246181DA8B7D100A3BE31 /* Debug */,
				65F246191DA8B7D100A3BE31 /* Release */,
			);
			defaultConfigurationIsVisible = 0;
		};
		65F2461A1DA8B7D100A3BE31 /* Build configuration list for PBXNativeTarget "wywlTests" */ = {
			isa = XCConfigurationList;
			buildConfigurations = (
				65F2461B1DA8B7D100A3BE31 /* Debug */,
				65F2461C1DA8B7D100A3BE31 /* Release */,
			);
			defaultConfigurationIsVisible = 0;
		};
		65F2461D1DA8B7D100A3BE31 /* Build configuration list for PBXNativeTarget "wywlUITests" */ = {
			isa = XCConfigurationList;
			buildConfigurations = (
				65F2461E1DA8B7D100A3BE31 /* Debug */,
				65F2461F1DA8B7D100A3BE31 /* Release */,
			);
			defaultConfigurationIsVisible = 0;
		};
/* End XCConfigurationList section */

/* Begin XCVersionGroup section */
		65F245F61DA8B7D100A3BE31 /* wywl.xcdatamodeld */ = {
			isa = XCVersionGroup;
			children = (
				65F245F71DA8B7D100A3BE31 /* wywl.xcdatamodel */,
			);
			currentVersion = 65F245F71DA8B7D100A3BE31 /* wywl.xcdatamodel */;
			path = wywl.xcdatamodeld;
			sourceTree = "<group>";
			versionGroupType = wrapper.xcdatamodel;
		};
/* End XCVersionGroup section */
	};
	rootObject = 65F245DF1DA8B7D100A3BE31 /* Project object */;
}
